
Microsoft Visual Studio Solution File, Format Version 12.00
# Visual Studio Version 16
VisualStudioVersion = 16.0.29509.3
MinimumVisualStudioVersion = 15.0.26124.0
Project("{9A19103F-16F7-4668-BE54-9A1E7A4F7556}") = "Bumpy.Infrastructure", "Bumpy.Infrastructure\Bumpy.Infrastructure.csproj", "{672A4508-643D-46C6-91B8-C5B15C940DBE}"
EndProject
Project("{9A19103F-16F7-4668-BE54-9A1E7A4F7556}") = "Bumpy.Domain", "Bumpy.Domain\Bumpy.Domain.csproj", "{9F615DD3-AD6E-4D67-8BB6-7B4FDB30F035}"
EndProject
Project("{9A19103F-16F7-4668-BE54-9A1E7A4F7556}") = "Bumpy.Infrastructure.Tests", "Bumpy.Infrastructure.Tests\Bumpy.Infrastructure.Tests.csproj", "{ED796920-CA1D-4499-A3AC-FA8D913323AF}"
EndProject
Project("{9A19103F-16F7-4668-BE54-9A1E7A4F7556}") = "Bumpy.API.WebApi", "Bumpy.API.WebApi\Bumpy.API.WebApi.csproj", "{43000154-06BC-45AD-9DBF-83B8C5E69D1B}"
EndProject
Project("{9A19103F-16F7-4668-BE54-9A1E7A4F7556}") = "Bumpy.API.WebApi.Tests", "Bumpy.API.WebApi.Tests\Bumpy.API.WebApi.Tests.csproj", "{D33A42C2-0DAB-4C6F-9134-B4901AD2F685}"
EndProject
Global
	GlobalSection(SolutionConfigurationPlatforms) = preSolution
		Debug|Any CPU = Debug|Any CPU
		Debug|x64 = Debug|x64
		Debug|x86 = Debug|x86
		Release|Any CPU = Release|Any CPU
		Release|x64 = Release|x64
		Release|x86 = Release|x86
	EndGlobalSection
	GlobalSection(ProjectConfigurationPlatforms) = postSolution
		{672A4508-643D-46C6-91B8-C5B15C940DBE}.Debug|Any CPU.ActiveCfg = Debug|Any CPU
		{672A4508-643D-46C6-91B8-C5B15C940DBE}.Debug|Any CPU.Build.0 = Debug|Any CPU
		{672A4508-643D-46C6-91B8-C5B15C940DBE}.Debug|x64.ActiveCfg = Debug|Any CPU
		{672A4508-643D-46C6-91B8-C5B15C940DBE}.Debug|x64.Build.0 = Debug|Any CPU
		{672A4508-643D-46C6-91B8-C5B15C940DBE}.Debug|x86.ActiveCfg = Debug|Any CPU
		{672A4508-643D-46C6-91B8-C5B15C940DBE}.Debug|x86.Build.0 = Debug|Any CPU
		{672A4508-643D-46C6-91B8-C5B15C940DBE}.Release|Any CPU.ActiveCfg = Release|Any CPU
		{672A4508-643D-46C6-91B8-C5B15C940DBE}.Release|Any CPU.Build.0 = Release|Any CPU
		{672A4508-643D-46C6-91B8-C5B15C940DBE}.Release|x64.ActiveCfg = Release|Any CPU
		{672A4508-643D-46C6-91B8-C5B15C940DBE}.Release|x64.Build.0 = Release|Any CPU
		{672A4508-643D-46C6-91B8-C5B15C940DBE}.Release|x86.ActiveCfg = Release|Any CPU
		{672A4508-643D-46C6-91B8-C5B15C940DBE}.Release|x86.Build.0 = Release|Any CPU
		{9F615DD3-AD6E-4D67-8BB6-7B4FDB30F035}.Debug|Any CPU.ActiveCfg = Debug|Any CPU
		{9F615DD3-AD6E-4D67-8BB6-7B4FDB30F035}.Debug|Any CPU.Build.0 = Debug|Any CPU
		{9F615DD3-AD6E-4D67-8BB6-7B4FDB30F035}.Debug|x64.ActiveCfg = Debug|Any CPU
		{9F615DD3-AD6E-4D67-8BB6-7B4FDB30F035}.Debug|x64.Build.0 = Debug|Any CPU
		{9F615DD3-AD6E-4D67-8BB6-7B4FDB30F035}.Debug|x86.ActiveCfg = Debug|Any CPU
		{9F615DD3-AD6E-4D67-8BB6-7B4FDB30F035}.Debug|x86.Build.0 = Debug|Any CPU
		{9F615DD3-AD6E-4D67-8BB6-7B4FDB30F035}.Release|Any CPU.ActiveCfg = Release|Any CPU
		{9F615DD3-AD6E-4D67-8BB6-7B4FDB30F035}.Release|Any CPU.Build.0 = Release|Any CPU
		{9F615DD3-AD6E-4D67-8BB6-7B4FDB30F035}.Release|x64.ActiveCfg = Release|Any CPU
		{9F615DD3-AD6E-4D67-8BB6-7B4FDB30F035}.Release|x64.Build.0 = Release|Any CPU
		{9F615DD3-AD6E-4D67-8BB6-7B4FDB30F035}.Release|x86.ActiveCfg = Release|Any CPU
		{9F615DD3-AD6E-4D67-8BB6-7B4FDB30F035}.Release|x86.Build.0 = Release|Any CPU
		{ED796920-CA1D-4499-A3AC-FA8D913323AF}.Debug|Any CPU.ActiveCfg = Debug|Any CPU
		{ED796920-CA1D-4499-A3AC-FA8D913323AF}.Debug|Any CPU.Build.0 = Debug|Any CPU
		{ED796920-CA1D-4499-A3AC-FA8D913323AF}.Debug|x64.ActiveCfg = Debug|Any CPU
		{ED796920-CA1D-4499-A3AC-FA8D913323AF}.Debug|x64.Build.0 = Debug|Any CPU
		{ED796920-CA1D-4499-A3AC-FA8D913323AF}.Debug|x86.ActiveCfg = Debug|Any CPU
		{ED796920-CA1D-4499-A3AC-FA8D913323AF}.Debug|x86.Build.0 = Debug|Any CPU
		{ED796920-CA1D-4499-A3AC-FA8D913323AF}.Release|Any CPU.ActiveCfg = Release|Any CPU
		{ED796920-CA1D-4499-A3AC-FA8D913323AF}.Release|Any CPU.Build.0 = Release|Any CPU
		{ED796920-CA1D-4499-A3AC-FA8D913323AF}.Release|x64.ActiveCfg = Release|Any CPU
		{ED796920-CA1D-4499-A3AC-FA8D913323AF}.Release|x64.Build.0 = Release|Any CPU
		{ED796920-CA1D-4499-A3AC-FA8D913323AF}.Release|x86.ActiveCfg = Release|Any CPU
		{ED796920-CA1D-4499-A3AC-FA8D913323AF}.Release|x86.Build.0 = Release|Any CPU
		{43000154-06BC-45AD-9DBF-83B8C5E69D1B}.Debug|Any CPU.ActiveCfg = Debug|Any CPU
		{43000154-06BC-45AD-9DBF-83B8C5E69D1B}.Debug|Any CPU.Build.0 = Debug|Any CPU
		{43000154-06BC-45AD-9DBF-83B8C5E69D1B}.Debug|x64.ActiveCfg = Debug|Any CPU
		{43000154-06BC-45AD-9DBF-83B8C5E69D1B}.Debug|x64.Build.0 = Debug|Any CPU
		{43000154-06BC-45AD-9DBF-83B8C5E69D1B}.Debug|x86.ActiveCfg = Debug|Any CPU
		{43000154-06BC-45AD-9DBF-83B8C5E69D1B}.Debug|x86.Build.0 = Debug|Any CPU
		{43000154-06BC-45AD-9DBF-83B8C5E69D1B}.Release|Any CPU.ActiveCfg = Release|Any CPU
		{43000154-06BC-45AD-9DBF-83B8C5E69D1B}.Release|Any CPU.Build.0 = Release|Any CPU
		{43000154-06BC-45AD-9DBF-83B8C5E69D1B}.Release|x64.ActiveCfg = Release|Any CPU
		{43000154-06BC-45AD-9DBF-83B8C5E69D1B}.Release|x64.Build.0 = Release|Any CPU
		{43000154-06BC-45AD-9DBF-83B8C5E69D1B}.Release|x86.ActiveCfg = Release|Any CPU
		{43000154-06BC-45AD-9DBF-83B8C5E69D1B}.Release|x86.Build.0 = Release|Any CPU
		{D33A42C2-0DAB-4C6F-9134-B4901AD2F685}.Debug|Any CPU.ActiveCfg = Debug|Any CPU
		{D33A42C2-0DAB-4C6F-9134-B4901AD2F685}.Debug|Any CPU.Build.0 = Debug|Any CPU
		{D33A42C2-0DAB-4C6F-9134-B4901AD2F685}.Debug|x64.ActiveCfg = Debug|Any CPU
		{D33A42C2-0DAB-4C6F-9134-B4901AD2F685}.Debug|x64.Build.0 = Debug|Any CPU
		{D33A42C2-0DAB-4C6F-9134-B4901AD2F685}.Debug|x86.ActiveCfg = Debug|Any CPU
		{D33A42C2-0DAB-4C6F-9134-B4901AD2F685}.Debug|x86.Build.0 = Debug|Any CPU
		{D33A42C2-0DAB-4C6F-9134-B4901AD2F685}.Release|Any CPU.ActiveCfg = Release|Any CPU
		{D33A42C2-0DAB-4C6F-9134-B4901AD2F685}.Release|Any CPU.Build.0 = Release|Any CPU
		{D33A42C2-0DAB-4C6F-9134-B4901AD2F685}.Release|x64.ActiveCfg = Release|Any CPU
		{D33A42C2-0DAB-4C6F-9134-B4901AD2F685}.Release|x64.Build.0 = Release|Any CPU
		{D33A42C2-0DAB-4C6F-9134-B4901AD2F685}.Release|x86.ActiveCfg = Release|Any CPU
		{D33A42C2-0DAB-4C6F-9134-B4901AD2F685}.Release|x86.Build.0 = Release|Any CPU
	EndGlobalSection
	GlobalSection(SolutionProperties) = preSolution
		HideSolutionNode = FALSE
	EndGlobalSection
	GlobalSection(ExtensibilityGlobals) = postSolution
		SolutionGuid = {AFDE250B-811E-49A0-823C-861E8DB44517}
	EndGlobalSection
EndGlobal
